// !$*UTF8*$!
{
	archiveVersion = 1;
	classes = {
	};
	objectVersion = 77;
	objects = {

/* Begin PBXBuildFile section */
		86DD75202EBF20A400E2E89E /* Assets.xcassets in Resources */ = {isa = PBXBuildFile; fileRef = 86DD75172EBF20A400E2E89E /* Assets.xcassets */; };
		86DD75212EBF20A400E2E89E /* LaunchScreen.storyboard in Resources */ = {isa = PBXBuildFile; fileRef = 86DD75192EBF20A400E2E89E /* LaunchScreen.storyboard */; };
		86DD75232EBF20A400E2E89E /* RMEndpoint.swift in Sources */ = {isa = PBXBuildFile; fileRef = 86DD75062EBF20A400E2E89E /* RMEndpoint.swift */; };
		86DD75242EBF20A400E2E89E /* RMRequest.swift in Sources */ = {isa = PBXBuildFile; fileRef = 86DD75072EBF20A400E2E89E /* RMRequest.swift */; };
		86DD75252EBF20A400E2E89E /* RMService.swift in Sources */ = {isa = PBXBuildFile; fileRef = 86DD75082EBF20A400E2E89E /* RMService.swift */; };
		86DD75262EBF20A400E2E89E /* RMCharacterViewController.swift in Sources */ = {isa = PBXBuildFile; fileRef = 86DD750A2EBF20A400E2E89E /* RMCharacterViewController.swift */; };
		86DD75272EBF20A400E2E89E /* RMEpisodeViewController.swift in Sources */ = {isa = PBXBuildFile; fileRef = 86DD750B2EBF20A400E2E89E /* RMEpisodeViewController.swift */; };
		86DD75282EBF20A400E2E89E /* RMLocationViewController.swift in Sources */ = {isa = PBXBuildFile; fileRef = 86DD750C2EBF20A400E2E89E /* RMLocationViewController.swift */; };
		86DD75292EBF20A400E2E89E /* RMSettingsViewController.swift in Sources */ = {isa = PBXBuildFile; fileRef = 86DD750D2EBF20A400E2E89E /* RMSettingsViewController.swift */; };
		86DD752A2EBF20A400E2E89E /* RMTabViewController.swift in Sources */ = {isa = PBXBuildFile; fileRef = 86DD750E2EBF20A400E2E89E /* RMTabViewController.swift */; };
		86DD752B2EBF20A400E2E89E /* RMCharacter.swift in Sources */ = {isa = PBXBuildFile; fileRef = 86DD75122EBF20A400E2E89E /* RMCharacter.swift */; };
		86DD752C2EBF20A400E2E89E /* RMEpisode.swift in Sources */ = {isa = PBXBuildFile; fileRef = 86DD75132EBF20A400E2E89E /* RMEpisode.swift */; };
		86DD752D2EBF20A400E2E89E /* RMLocation.swift in Sources */ = {isa = PBXBuildFile; fileRef = 86DD75142EBF20A400E2E89E /* RMLocation.swift */; };
		86DD752E2EBF20A400E2E89E /* AppDelegate.swift in Sources */ = {isa = PBXBuildFile; fileRef = 86DD75162EBF20A400E2E89E /* AppDelegate.swift */; };
		86DD752F2EBF20A400E2E89E /* SceneDelegate.swift in Sources */ = {isa = PBXBuildFile; fileRef = 86DD751A2EBF20A400E2E89E /* SceneDelegate.swift */; };
		86DD75312EBF301E00E2E89E /* RMOrigin.swift in Sources */ = {isa = PBXBuildFile; fileRef = 86DD75302EBF301E00E2E89E /* RMOrigin.swift */; };
		86DD75332EBF30F300E2E89E /* RMSingleLocation.swift in Sources */ = {isa = PBXBuildFile; fileRef = 86DD75322EBF30F300E2E89E /* RMSingleLocation.swift */; };
		86DD75352EBF326100E2E89E /* RMCharacterStatus.swift in Sources */ = {isa = PBXBuildFile; fileRef = 86DD75342EBF326100E2E89E /* RMCharacterStatus.swift */; };
		86DD75372EBF364100E2E89E /* RMCharacterGender.swift in Sources */ = {isa = PBXBuildFile; fileRef = 86DD75362EBF364100E2E89E /* RMCharacterGender.swift */; };
/* End PBXBuildFile section */

/* Begin PBXFileReference section */
		86DD75062EBF20A400E2E89E /* RMEndpoint.swift */ = {isa = PBXFileReference; lastKnownFileType = sourcecode.swift; path = RMEndpoint.swift; sourceTree = "<group>"; };
		86DD75072EBF20A400E2E89E /* RMRequest.swift */ = {isa = PBXFileReference; lastKnownFileType = sourcecode.swift; path = RMRequest.swift; sourceTree = "<group>"; };
		86DD75082EBF20A400E2E89E /* RMService.swift */ = {isa = PBXFileReference; lastKnownFileType = sourcecode.swift; path = RMService.swift; sourceTree = "<group>"; };
		86DD750A2EBF20A400E2E89E /* RMCharacterViewController.swift */ = {isa = PBXFileReference; lastKnownFileType = sourcecode.swift; path = RMCharacterViewController.swift; sourceTree = "<group>"; };
		86DD750B2EBF20A400E2E89E /* RMEpisodeViewController.swift */ = {isa = PBXFileReference; lastKnownFileType = sourcecode.swift; path = RMEpisodeViewController.swift; sourceTree = "<group>"; };
		86DD750C2EBF20A400E2E89E /* RMLocationViewController.swift */ = {isa = PBXFileReference; lastKnownFileType = sourcecode.swift; path = RMLocationViewController.swift; sourceTree = "<group>"; };
		86DD750D2EBF20A400E2E89E /* RMSettingsViewController.swift */ = {isa = PBXFileReference; lastKnownFileType = sourcecode.swift; path = RMSettingsViewController.swift; sourceTree = "<group>"; };
		86DD750E2EBF20A400E2E89E /* RMTabViewController.swift */ = {isa = PBXFileReference; lastKnownFileType = sourcecode.swift; path = RMTabViewController.swift; sourceTree = "<group>"; };
		86DD75122EBF20A400E2E89E /* RMCharacter.swift */ = {isa = PBXFileReference; lastKnownFileType = sourcecode.swift; path = RMCharacter.swift; sourceTree = "<group>"; };
		86DD75132EBF20A400E2E89E /* RMEpisode.swift */ = {isa = PBXFileReference; lastKnownFileType = sourcecode.swift; path = RMEpisode.swift; sourceTree = "<group>"; };
		86DD75142EBF20A400E2E89E /* RMLocation.swift */ = {isa = PBXFileReference; lastKnownFileType = sourcecode.swift; path = RMLocation.swift; sourceTree = "<group>"; };
		86DD75162EBF20A400E2E89E /* AppDelegate.swift */ = {isa = PBXFileReference; lastKnownFileType = sourcecode.swift; path = AppDelegate.swift; sourceTree = "<group>"; };
		86DD75172EBF20A400E2E89E /* Assets.xcassets */ = {isa = PBXFileReference; lastKnownFileType = folder.assetcatalog; path = Assets.xcassets; sourceTree = "<group>"; };
		86DD75182EBF20A400E2E89E /* Base */ = {isa = PBXFileReference; lastKnownFileType = file.storyboard; name = Base; path = Base.lproj/LaunchScreen.storyboard; sourceTree = "<group>"; };
		86DD751A2EBF20A400E2E89E /* SceneDelegate.swift */ = {isa = PBXFileReference; lastKnownFileType = sourcecode.swift; path = SceneDelegate.swift; sourceTree = "<group>"; };
		86DD751E2EBF20A400E2E89E /* Info.plist */ = {isa = PBXFileReference; lastKnownFileType = text.plist.xml; path = Info.plist; sourceTree = "<group>"; };
		86DD75302EBF301E00E2E89E /* RMOrigin.swift */ = {isa = PBXFileReference; lastKnownFileType = sourcecode.swift; path = RMOrigin.swift; sourceTree = "<group>"; };
		86DD75322EBF30F300E2E89E /* RMSingleLocation.swift */ = {isa = PBXFileReference; lastKnownFileType = sourcecode.swift; path = RMSingleLocation.swift; sourceTree = "<group>"; };
		86DD75342EBF326100E2E89E /* RMCharacterStatus.swift */ = {isa = PBXFileReference; lastKnownFileType = sourcecode.swift; path = RMCharacterStatus.swift; sourceTree = "<group>"; };
		86DD75362EBF364100E2E89E /* RMCharacterGender.swift */ = {isa = PBXFileReference; lastKnownFileType = sourcecode.swift; path = RMCharacterGender.swift; sourceTree = "<group>"; };
		86F6BD7E2EBDA48F006AE1E1 /* RickMortyApp.app */ = {isa = PBXFileReference; explicitFileType = wrapper.application; includeInIndex = 0; path = RickMortyApp.app; sourceTree = BUILT_PRODUCTS_DIR; };
/* End PBXFileReference section */

/* Begin PBXFrameworksBuildPhase section */
		86F6BD7B2EBDA48F006AE1E1 /* Frameworks */ = {
			isa = PBXFrameworksBuildPhase;
			buildActionMask = 2147483647;
			files = (
			);
			runOnlyForDeploymentPostprocessing = 0;
		};
/* End PBXFrameworksBuildPhase section */

/* Begin PBXGroup section */
		86DD75092EBF20A400E2E89E /* APIClient */ = {
			isa = PBXGroup;
			children = (
				86DD75062EBF20A400E2E89E /* RMEndpoint.swift */,
				86DD75072EBF20A400E2E89E /* RMRequest.swift */,
				86DD75082EBF20A400E2E89E /* RMService.swift */,
			);
			path = APIClient;
			sourceTree = "<group>";
		};
		86DD750F2EBF20A400E2E89E /* Core */ = {
			isa = PBXGroup;
			children = (
				86DD750E2EBF20A400E2E89E /* RMTabViewController.swift */,
				86DD750A2EBF20A400E2E89E /* RMCharacterViewController.swift */,
				86DD750C2EBF20A400E2E89E /* RMLocationViewController.swift */,
				86DD750B2EBF20A400E2E89E /* RMEpisodeViewController.swift */,
				86DD750D2EBF20A400E2E89E /* RMSettingsViewController.swift */,
			);
			path = Core;
			sourceTree = "<group>";
		};
		86DD75102EBF20A400E2E89E /* Controllers */ = {
			isa = PBXGroup;
			children = (
				86DD750F2EBF20A400E2E89E /* Core */,
			);
			path = Controllers;
			sourceTree = "<group>";
		};
		86DD75112EBF20A400E2E89E /* Managers */ = {
			isa = PBXGroup;
			children = (
			);
			path = Managers;
			sourceTree = "<group>";
		};
		86DD75152EBF20A400E2E89E /* Models */ = {
			isa = PBXGroup;
			children = (
				86DD75142EBF20A400E2E89E /* RMLocation.swift */,
				86DD75322EBF30F300E2E89E /* RMSingleLocation.swift */,
				86DD75122EBF20A400E2E89E /* RMCharacter.swift */,
				86DD75342EBF326100E2E89E /* RMCharacterStatus.swift */,
				86DD75362EBF364100E2E89E /* RMCharacterGender.swift */,
				86DD75132EBF20A400E2E89E /* RMEpisode.swift */,
				86DD75302EBF301E00E2E89E /* RMOrigin.swift */,
			);
			path = Models;
			sourceTree = "<group>";
		};
		86DD751B2EBF20A400E2E89E /* Recources */ = {
			isa = PBXGroup;
			children = (
				86DD75162EBF20A400E2E89E /* AppDelegate.swift */,
				86DD75172EBF20A400E2E89E /* Assets.xcassets */,
				86DD75192EBF20A400E2E89E /* LaunchScreen.storyboard */,
				86DD751A2EBF20A400E2E89E /* SceneDelegate.swift */,
			);
			path = Recources;
			sourceTree = "<group>";
		};
		86DD751C2EBF20A400E2E89E /* ViewModels */ = {
			isa = PBXGroup;
			children = (
			);
			path = ViewModels;
			sourceTree = "<group>";
		};
		86DD751D2EBF20A400E2E89E /* Views */ = {
			isa = PBXGroup;
			children = (
			);
			path = Views;
			sourceTree = "<group>";
		};
		86DD751F2EBF20A400E2E89E /* RickMortyApp */ = {
			isa = PBXGroup;
			children = (
				86DD751B2EBF20A400E2E89E /* Recources */,
				86DD75112EBF20A400E2E89E /* Managers */,
				86DD75092EBF20A400E2E89E /* APIClient */,
				86DD751C2EBF20A400E2E89E /* ViewModels */,
				86DD751D2EBF20A400E2E89E /* Views */,
				86DD75152EBF20A400E2E89E /* Models */,
				86DD75102EBF20A400E2E89E /* Controllers */,
				86DD751E2EBF20A400E2E89E /* Info.plist */,
			);
			path = RickMortyApp;
			sourceTree = "<group>";
		};
		86F6BD752EBDA48F006AE1E1 = {
			isa = PBXGroup;
			children = (
				86DD751F2EBF20A400E2E89E /* RickMortyApp */,
				86F6BD7F2EBDA48F006AE1E1 /* Products */,
			);
			sourceTree = "<group>";
		};
		86F6BD7F2EBDA48F006AE1E1 /* Products */ = {
			isa = PBXGroup;
			children = (
				86F6BD7E2EBDA48F006AE1E1 /* RickMortyApp.app */,
			);
			name = Products;
			sourceTree = "<group>";
		};
/* End PBXGroup section */

/* Begin PBXNativeTarget section */
		86F6BD7D2EBDA48F006AE1E1 /* RickMortyApp */ = {
			isa = PBXNativeTarget;
			buildConfigurationList = 86F6BD912EBDA490006AE1E1 /* Build configuration list for PBXNativeTarget "RickMortyApp" */;
			buildPhases = (
				86F6BD7A2EBDA48F006AE1E1 /* Sources */,
				86F6BD7B2EBDA48F006AE1E1 /* Frameworks */,
				86F6BD7C2EBDA48F006AE1E1 /* Resources */,
			);
			buildRules = (
			);
			dependencies = (
			);
			name = RickMortyApp;
			packageProductDependencies = (
			);
			productName = RickMortyApp;
			productReference = 86F6BD7E2EBDA48F006AE1E1 /* RickMortyApp.app */;
			productType = "com.apple.product-type.application";
		};
/* End PBXNativeTarget section */

/* Begin PBXProject section */
		86F6BD762EBDA48F006AE1E1 /* Project object */ = {
			isa = PBXProject;
			attributes = {
				BuildIndependentTargetsInParallel = 1;
				LastSwiftUpdateCheck = 1620;
				LastUpgradeCheck = 1620;
				TargetAttributes = {
					86F6BD7D2EBDA48F006AE1E1 = {
						CreatedOnToolsVersion = 16.2;
					};
				};
			};
			buildConfigurationList = 86F6BD792EBDA48F006AE1E1 /* Build configuration list for PBXProject "RickMortyApp" */;
			developmentRegion = en;
			hasScannedForEncodings = 0;
			knownRegions = (
				en,
				Base,
			);
			mainGroup = 86F6BD752EBDA48F006AE1E1;
			minimizedProjectReferenceProxies = 1;
			preferredProjectObjectVersion = 77;
			productRefGroup = 86F6BD7F2EBDA48F006AE1E1 /* Products */;
			projectDirPath = "";
			projectRoot = "";
			targets = (
				86F6BD7D2EBDA48F006AE1E1 /* RickMortyApp */,
			);
		};
/* End PBXProject section */

/* Begin PBXResourcesBuildPhase section */
		86F6BD7C2EBDA48F006AE1E1 /* Resources */ = {
			isa = PBXResourcesBuildPhase;
			buildActionMask = 2147483647;
			files = (
				86DD75202EBF20A400E2E89E /* Assets.xcassets in Resources */,
				86DD75212EBF20A400E2E89E /* LaunchScreen.storyboard in Resources */,
			);
			runOnlyForDeploymentPostprocessing = 0;
		};
/* End PBXResourcesBuildPhase section */

/* Begin PBXSourcesBuildPhase section */
		86F6BD7A2EBDA48F006AE1E1 /* Sources */ = {
			isa = PBXSourcesBuildPhase;
			buildActionMask = 2147483647;
			files = (
				86DD75312EBF301E00E2E89E /* RMOrigin.swift in Sources */,
				86DD75332EBF30F300E2E89E /* RMSingleLocation.swift in Sources */,
				86DD75352EBF326100E2E89E /* RMCharacterStatus.swift in Sources */,
				86DD75372EBF364100E2E89E /* RMCharacterGender.swift in Sources */,
				86DD75232EBF20A400E2E89E /* RMEndpoint.swift in Sources */,
				86DD75242EBF20A400E2E89E /* RMRequest.swift in Sources */,
				86DD75252EBF20A400E2E89E /* RMService.swift in Sources */,
				86DD75262EBF20A400E2E89E /* RMCharacterViewController.swift in Sources */,
				86DD75272EBF20A400E2E89E /* RMEpisodeViewController.swift in Sources */,
				86DD75282EBF20A400E2E89E /* RMLocationViewController.swift in Sources */,
				86DD75292EBF20A400E2E89E /* RMSettingsViewController.swift in Sources */,
				86DD752A2EBF20A400E2E89E /* RMTabViewController.swift in Sources */,
				86DD752B2EBF20A400E2E89E /* RMCharacter.swift in Sources */,
				86DD752C2EBF20A400E2E89E /* RMEpisode.swift in Sources */,
				86DD752D2EBF20A400E2E89E /* RMLocation.swift in Sources */,
				86DD752E2EBF20A400E2E89E /* AppDelegate.swift in Sources */,
				86DD752F2EBF20A400E2E89E /* SceneDelegate.swift in Sources */,
			);
			runOnlyForDeploymentPostprocessing = 0;
		};
/* End PBXSourcesBuildPhase section */

/* Begin PBXVariantGroup section */
		86DD75192EBF20A400E2E89E /* LaunchScreen.storyboard */ = {
			isa = PBXVariantGroup;
			children = (
				86DD75182EBF20A400E2E89E /* Base */,
			);
			name = LaunchScreen.storyboard;
			sourceTree = "<group>";
		};
/* End PBXVariantGroup section */

/* Begin XCBuildConfiguration section */
		86F6BD922EBDA490006AE1E1 /* Debug */ = {
			isa = XCBuildConfiguration;
			buildSettings = {
				ASSETCATALOG_COMPILER_APPICON_NAME = AppIcon;
				ASSETCATALOG_COMPILER_GLOBAL_ACCENT_COLOR_NAME = AccentColor;
				CODE_SIGN_STYLE = Automatic;
				CURRENT_PROJECT_VERSION = 1;
				DEVELOPMENT_TEAM = 873Y63NMW3;
				GENERATE_INFOPLIST_FILE = YES;
				INFOPLIST_FILE = RickMortyApp/Info.plist;
				INFOPLIST_KEY_UIApplicationSupportsIndirectInputEvents = YES;
				INFOPLIST_KEY_UILaunchStoryboardName = LaunchScreen;
				INFOPLIST_KEY_UISupportedInterfaceOrientations_iPad = "UIInterfaceOrientationPortrait UIInterfaceOrientationPortraitUpsideDown UIInterfaceOrientationLandscapeLeft UIInterfaceOrientationLandscapeRight";
				INFOPLIST_KEY_UISupportedInterfaceOrientations_iPhone = "UIInterfaceOrientationPortrait UIInterfaceOrientationLandscapeLeft UIInterfaceOrientationLandscapeRight";
				LD_RUNPATH_SEARCH_PATHS = (
					"$(inherited)",
					"@executable_path/Frameworks",
				);
				MARKETING_VERSION = 1.0;
				PRODUCT_BUNDLE_IDENTIFIER = com.manruapps.RickMortyApp;
				PRODUCT_NAME = "$(TARGET_NAME)";
				SWIFT_EMIT_LOC_STRINGS = YES;
				SWIFT_VERSION = 5.0;
				TARGETED_DEVICE_FAMILY = "1,2";
			};
			name = Debug;
		};
		86F6BD932EBDA490006AE1E1 /* Release */ = {
			isa = XCBuildConfiguration;
			buildSettings = {
				ASSETCATALOG_COMPILER_APPICON_NAME = AppIcon;
				ASSETCATALOG_COMPILER_GLOBAL_ACCENT_COLOR_NAME = AccentColor;
				CODE_SIGN_STYLE = Automatic;
				CURRENT_PROJECT_VERSION = 1;
				DEVELOPMENT_TEAM = 873Y63NMW3;
				GENERATE_INFOPLIST_FILE = YES;
				INFOPLIST_FILE = RickMortyApp/Info.plist;
				INFOPLIST_KEY_UIApplicationSupportsIndirectInputEvents = YES;
				INFOPLIST_KEY_UILaunchStoryboardName = LaunchScreen;
				INFOPLIST_KEY_UISupportedInterfaceOrientations_iPad = "UIInterfaceOrientationPortrait UIInterfaceOrientationPortraitUpsideDown UIInterfaceOrientationLandscapeLeft UIInterfaceOrientationLandscapeRight";
				INFOPLIST_KEY_UISupportedInterfaceOrientations_iPhone = "UIInterfaceOrientationPortrait UIInterfaceOrientationLandscapeLeft UIInterfaceOrientationLandscapeRight";
				LD_RUNPATH_SEARCH_PATHS = (
					"$(inherited)",
					"@executable_path/Frameworks",
				);
				MARKETING_VERSION = 1.0;
				PRODUCT_BUNDLE_IDENTIFIER = com.manruapps.RickMortyApp;
				PRODUCT_NAME = "$(TARGET_NAME)";
				SWIFT_EMIT_LOC_STRINGS = YES;
				SWIFT_VERSION = 5.0;
				TARGETED_DEVICE_FAMILY = "1,2";
			};
			name = Release;
		};
		86F6BD942EBDA490006AE1E1 /* Debug */ = {
			isa = XCBuildConfiguration;
			buildSettings = {
				ALWAYS_SEARCH_USER_PATHS = NO;
				ASSETCATALOG_COMPILER_GENERATE_SWIFT_ASSET_SYMBOL_EXTENSIONS = YES;
				CLANG_ANALYZER_NONNULL = YES;
				CLANG_ANALYZER_NUMBER_OBJECT_CONVERSION = YES_AGGRESSIVE;
				CLANG_CXX_LANGUAGE_STANDARD = "gnu++20";
				CLANG_ENABLE_MODULES = YES;
				CLANG_ENABLE_OBJC_ARC = YES;
				CLANG_ENABLE_OBJC_WEAK = YES;
				CLANG_WARN_BLOCK_CAPTURE_AUTORELEASING = YES;
				CLANG_WARN_BOOL_CONVERSION = YES;
				CLANG_WARN_COMMA = YES;
				CLANG_WARN_CONSTANT_CONVERSION = YES;
				CLANG_WARN_DEPRECATED_OBJC_IMPLEMENTATIONS = YES;
				CLANG_WARN_DIRECT_OBJC_ISA_USAGE = YES_ERROR;
				CLANG_WARN_DOCUMENTATION_COMMENTS = YES;
				CLANG_WARN_EMPTY_BODY = YES;
				CLANG_WARN_ENUM_CONVERSION = YES;
				CLANG_WARN_INFINITE_RECURSION = YES;
				CLANG_WARN_INT_CONVERSION = YES;
				CLANG_WARN_NON_LITERAL_NULL_CONVERSION = YES;
				CLANG_WARN_OBJC_IMPLICIT_RETAIN_SELF = YES;
				CLANG_WARN_OBJC_LITERAL_CONVERSION = YES;
				CLANG_WARN_OBJC_ROOT_CLASS = YES_ERROR;
				CLANG_WARN_QUOTED_INCLUDE_IN_FRAMEWORK_HEADER = YES;
				CLANG_WARN_RANGE_LOOP_ANALYSIS = YES;
				CLANG_WARN_STRICT_PROTOTYPES = YES;
				CLANG_WARN_SUSPICIOUS_MOVE = YES;
				CLANG_WARN_UNGUARDED_AVAILABILITY = YES_AGGRESSIVE;
				CLANG_WARN_UNREACHABLE_CODE = YES;
				CLANG_WARN__DUPLICATE_METHOD_MATCH = YES;
				COPY_PHASE_STRIP = NO;
				DEBUG_INFORMATION_FORMAT = dwarf;
				ENABLE_STRICT_OBJC_MSGSEND = YES;
				ENABLE_TESTABILITY = YES;
				ENABLE_USER_SCRIPT_SANDBOXING = YES;
				GCC_C_LANGUAGE_STANDARD = gnu17;
				GCC_DYNAMIC_NO_PIC = NO;
				GCC_NO_COMMON_BLOCKS = YES;
				GCC_OPTIMIZATION_LEVEL = 0;
				GCC_PREPROCESSOR_DEFINITIONS = (
					"DEBUG=1",
					"$(inherited)",
				);
				GCC_WARN_64_TO_32_BIT_CONVERSION = YES;
				GCC_WARN_ABOUT_RETURN_TYPE = YES_ERROR;
				GCC_WARN_UNDECLARED_SELECTOR = YES;
				GCC_WARN_UNINITIALIZED_AUTOS = YES_AGGRESSIVE;
				GCC_WARN_UNUSED_FUNCTION = YES;
				GCC_WARN_UNUSED_VARIABLE = YES;
				IPHONEOS_DEPLOYMENT_TARGET = 18.2;
				LOCALIZATION_PREFERS_STRING_CATALOGS = YES;
				MTL_ENABLE_DEBUG_INFO = INCLUDE_SOURCE;
				MTL_FAST_MATH = YES;
				ONLY_ACTIVE_ARCH = YES;
				SDKROOT = iphoneos;
				SWIFT_ACTIVE_COMPILATION_CONDITIONS = "DEBUG $(inherited)";
				SWIFT_OPTIMIZATION_LEVEL = "-Onone";
			};
			name = Debug;
		};
		86F6BD952EBDA490006AE1E1 /* Release */ = {
			isa = XCBuildConfiguration;
			buildSettings = {
				ALWAYS_SEARCH_USER_PATHS = NO;
				ASSETCATALOG_COMPILER_GENERATE_SWIFT_ASSET_SYMBOL_EXTENSIONS = YES;
				CLANG_ANALYZER_NONNULL = YES;
				CLANG_ANALYZER_NUMBER_OBJECT_CONVERSION = YES_AGGRESSIVE;
				CLANG_CXX_LANGUAGE_STANDARD = "gnu++20";
				CLANG_ENABLE_MODULES = YES;
				CLANG_ENABLE_OBJC_ARC = YES;
				CLANG_ENABLE_OBJC_WEAK = YES;
				CLANG_WARN_BLOCK_CAPTURE_AUTORELEASING = YES;
				CLANG_WARN_BOOL_CONVERSION = YES;
				CLANG_WARN_COMMA = YES;
				CLANG_WARN_CONSTANT_CONVERSION = YES;
				CLANG_WARN_DEPRECATED_OBJC_IMPLEMENTATIONS = YES;
				CLANG_WARN_DIRECT_OBJC_ISA_USAGE = YES_ERROR;
				CLANG_WARN_DOCUMENTATION_COMMENTS = YES;
				CLANG_WARN_EMPTY_BODY = YES;
				CLANG_WARN_ENUM_CONVERSION = YES;
				CLANG_WARN_INFINITE_RECURSION = YES;
				CLANG_WARN_INT_CONVERSION = YES;
				CLANG_WARN_NON_LITERAL_NULL_CONVERSION = YES;
				CLANG_WARN_OBJC_IMPLICIT_RETAIN_SELF = YES;
				CLANG_WARN_OBJC_LITERAL_CONVERSION = YES;
				CLANG_WARN_OBJC_ROOT_CLASS = YES_ERROR;
				CLANG_WARN_QUOTED_INCLUDE_IN_FRAMEWORK_HEADER = YES;
				CLANG_WARN_RANGE_LOOP_ANALYSIS = YES;
				CLANG_WARN_STRICT_PROTOTYPES = YES;
				CLANG_WARN_SUSPICIOUS_MOVE = YES;
				CLANG_WARN_UNGUARDED_AVAILABILITY = YES_AGGRESSIVE;
				CLANG_WARN_UNREACHABLE_CODE = YES;
				CLANG_WARN__DUPLICATE_METHOD_MATCH = YES;
				COPY_PHASE_STRIP = NO;
				DEBUG_INFORMATION_FORMAT = "dwarf-with-dsym";
				ENABLE_NS_ASSERTIONS = NO;
				ENABLE_STRICT_OBJC_MSGSEND = YES;
				ENABLE_USER_SCRIPT_SANDBOXING = YES;
				GCC_C_LANGUAGE_STANDARD = gnu17;
				GCC_NO_COMMON_BLOCKS = YES;
				GCC_WARN_64_TO_32_BIT_CONVERSION = YES;
				GCC_WARN_ABOUT_RETURN_TYPE = YES_ERROR;
				GCC_WARN_UNDECLARED_SELECTOR = YES;
				GCC_WARN_UNINITIALIZED_AUTOS = YES_AGGRESSIVE;
				GCC_WARN_UNUSED_FUNCTION = YES;
				GCC_WARN_UNUSED_VARIABLE = YES;
				IPHONEOS_DEPLOYMENT_TARGET = 18.2;
				LOCALIZATION_PREFERS_STRING_CATALOGS = YES;
				MTL_ENABLE_DEBUG_INFO = NO;
				MTL_FAST_MATH = YES;
				SDKROOT = iphoneos;
				SWIFT_COMPILATION_MODE = wholemodule;
				VALIDATE_PRODUCT = YES;
			};
			name = Release;
		};
/* End XCBuildConfiguration section */

/* Begin XCConfigurationList section */
		86F6BD792EBDA48F006AE1E1 /* Build configuration list for PBXProject "RickMortyApp" */ = {
			isa = XCConfigurationList;
			buildConfigurations = (
				86F6BD942EBDA490006AE1E1 /* Debug */,
				86F6BD952EBDA490006AE1E1 /* Release */,
			);
			defaultConfigurationIsVisible = 0;
			defaultConfigurationName = Release;
		};
		86F6BD912EBDA490006AE1E1 /* Build configuration list for PBXNativeTarget "RickMortyApp" */ = {
			isa = XCConfigurationList;
			buildConfigurations = (
				86F6BD922EBDA490006AE1E1 /* Debug */,
				86F6BD932EBDA490006AE1E1 /* Release */,
			);
			defaultConfigurationIsVisible = 0;
			defaultConfigurationName = Release;
		};
/* End XCConfigurationList section */
	};
	rootObject = 86F6BD762EBDA48F006AE1E1 /* Project object */;
}
